
Microsoft Visual Studio Solution File, Format Version 12.00
Project("{FAE04EC0-301F-11D3-BF4B-00C04F79EFBC}") = "Taf.Core.Net.Identity", "Taf.Core.Net.Identity\Taf.Core.Net.Identity.csproj", "{2D6660EA-51F3-4947-A3F3-1BE3D5436FD3}"
EndProject
Project("{FAE04EC0-301F-11D3-BF4B-00C04F79EFBC}") = "Taf.Core.Net.Migration", "Taf.Core.Net.Migration\Taf.Core.Net.Migration.csproj", "{C1B75FA1-1825-4D60-AECD-DE006C4C778B}"
EndProject
Project("{FAE04EC0-301F-11D3-BF4B-00C04F79EFBC}") = "Taf.Core.Net.Utility", "Taf.Core.Net.Utility\Taf.Core.Net.Utility.csproj", "{0223F8C8-C3F8-4A8B-A56D-EA5E16216737}"
EndProject
Project("{FAE04EC0-301F-11D3-BF4B-00C04F79EFBC}") = "Taf.Core.Net.Tools", "Taf.Core.Net.Tools\Taf.Core.Net.Tools.csproj", "{90357086-5F9D-4726-B824-6E4ABD725919}"
EndProject
Project("{FAE04EC0-301F-11D3-BF4B-00C04F79EFBC}") = "Taf.Core.Net.Web", "Taf.Core.Net.Web\Taf.Core.Net.Web.csproj", "{0E263F83-E1CA-449D-B57B-C4985CCD4BE9}"
EndProject
Project("{FAE04EC0-301F-11D3-BF4B-00C04F79EFBC}") = "Taf.Core.Net.Blazor.Shared", "Taf.Core.Net.Blazor.Shared\Taf.Core.Net.Blazor.Shared.csproj", "{5FBCACA2-BED0-400E-9FBB-275457ED181A}"
EndProject
Project("{2150E333-8FDC-42A3-9474-1A3956D46DE8}") = "Web", "Web", "{B031352E-6DEB-4B25-B928-8D874A3391DB}"
EndProject
Project("{2150E333-8FDC-42A3-9474-1A3956D46DE8}") = "Utility", "Utility", "{7CAA66C5-5D03-4CB3-BE5B-1DC3DD42BEE8}"
EndProject
Global
	GlobalSection(SolutionConfigurationPlatforms) = preSolution
		Debug|Any CPU = Debug|Any CPU
		Release|Any CPU = Release|Any CPU
	EndGlobalSection
	GlobalSection(ProjectConfigurationPlatforms) = postSolution
		{2D6660EA-51F3-4947-A3F3-1BE3D5436FD3}.Debug|Any CPU.ActiveCfg = Debug|Any CPU
		{2D6660EA-51F3-4947-A3F3-1BE3D5436FD3}.Debug|Any CPU.Build.0 = Debug|Any CPU
		{2D6660EA-51F3-4947-A3F3-1BE3D5436FD3}.Release|Any CPU.ActiveCfg = Release|Any CPU
		{2D6660EA-51F3-4947-A3F3-1BE3D5436FD3}.Release|Any CPU.Build.0 = Release|Any CPU
		{C1B75FA1-1825-4D60-AECD-DE006C4C778B}.Debug|Any CPU.ActiveCfg = Debug|Any CPU
		{C1B75FA1-1825-4D60-AECD-DE006C4C778B}.Debug|Any CPU.Build.0 = Debug|Any CPU
		{C1B75FA1-1825-4D60-AECD-DE006C4C778B}.Release|Any CPU.ActiveCfg = Release|Any CPU
		{C1B75FA1-1825-4D60-AECD-DE006C4C778B}.Release|Any CPU.Build.0 = Release|Any CPU
		{0223F8C8-C3F8-4A8B-A56D-EA5E16216737}.Debug|Any CPU.ActiveCfg = Debug|Any CPU
		{0223F8C8-C3F8-4A8B-A56D-EA5E16216737}.Debug|Any CPU.Build.0 = Debug|Any CPU
		{0223F8C8-C3F8-4A8B-A56D-EA5E16216737}.Release|Any CPU.ActiveCfg = Release|Any CPU
		{0223F8C8-C3F8-4A8B-A56D-EA5E16216737}.Release|Any CPU.Build.0 = Release|Any CPU
		{90357086-5F9D-4726-B824-6E4ABD725919}.Debug|Any CPU.ActiveCfg = Debug|Any CPU
		{90357086-5F9D-4726-B824-6E4ABD725919}.Debug|Any CPU.Build.0 = Debug|Any CPU
		{90357086-5F9D-4726-B824-6E4ABD725919}.Release|Any CPU.ActiveCfg = Release|Any CPU
		{90357086-5F9D-4726-B824-6E4ABD725919}.Release|Any CPU.Build.0 = Release|Any CPU
		{0E263F83-E1CA-449D-B57B-C4985CCD4BE9}.Debug|Any CPU.ActiveCfg = Debug|Any CPU
		{0E263F83-E1CA-449D-B57B-C4985CCD4BE9}.Debug|Any CPU.Build.0 = Debug|Any CPU
		{0E263F83-E1CA-449D-B57B-C4985CCD4BE9}.Release|Any CPU.ActiveCfg = Release|Any CPU
		{0E263F83-E1CA-449D-B57B-C4985CCD4BE9}.Release|Any CPU.Build.0 = Release|Any CPU
		{5FBCACA2-BED0-400E-9FBB-275457ED181A}.Debug|Any CPU.ActiveCfg = Debug|Any CPU
		{5FBCACA2-BED0-400E-9FBB-275457ED181A}.Debug|Any CPU.Build.0 = Debug|Any CPU
		{5FBCACA2-BED0-400E-9FBB-275457ED181A}.Release|Any CPU.ActiveCfg = Release|Any CPU
		{5FBCACA2-BED0-400E-9FBB-275457ED181A}.Release|Any CPU.Build.0 = Release|Any CPU
	EndGlobalSection
	GlobalSection(NestedProjects) = preSolution
		{5FBCACA2-BED0-400E-9FBB-275457ED181A} = {B031352E-6DEB-4B25-B928-8D874A3391DB}
		{0E263F83-E1CA-449D-B57B-C4985CCD4BE9} = {B031352E-6DEB-4B25-B928-8D874A3391DB}
		{90357086-5F9D-4726-B824-6E4ABD725919} = {7CAA66C5-5D03-4CB3-BE5B-1DC3DD42BEE8}
		{0223F8C8-C3F8-4A8B-A56D-EA5E16216737} = {7CAA66C5-5D03-4CB3-BE5B-1DC3DD42BEE8}
		{2D6660EA-51F3-4947-A3F3-1BE3D5436FD3} = {7CAA66C5-5D03-4CB3-BE5B-1DC3DD42BEE8}
	EndGlobalSection
EndGlobal
